// !$*UTF8*$!
{
	archiveVersion = 1;
	classes = {
	};
	objectVersion = 48;
	objects = {

/* Begin PBXBuildFile section */
		8005CC50204FCBF700B3A6E1 /* TaskViewController.swift in Sources */ = {isa = PBXBuildFile; fileRef = 8005CC4F204FCBF700B3A6E1 /* TaskViewController.swift */; };
		80212093205863D70095F8DE /* AddTaskController.swift in Sources */ = {isa = PBXBuildFile; fileRef = 80212092205863D70095F8DE /* AddTaskController.swift */; };
		80ED73C120603FB200450E7E /* ToDos.xcdatamodeld in Sources */ = {isa = PBXBuildFile; fileRef = 80ED73BF20603FB200450E7E /* ToDos.xcdatamodeld */; };
		80FF500B203B5AF500D0D565 /* AppDelegate.swift in Sources */ = {isa = PBXBuildFile; fileRef = 80FF500A203B5AF500D0D565 /* AppDelegate.swift */; };
		80FF5012203B5AF500D0D565 /* Assets.xcassets in Resources */ = {isa = PBXBuildFile; fileRef = 80FF5011203B5AF500D0D565 /* Assets.xcassets */; };
		80FF5015203B5AF500D0D565 /* LaunchScreen.storyboard in Resources */ = {isa = PBXBuildFile; fileRef = 80FF5013203B5AF500D0D565 /* LaunchScreen.storyboard */; };
/* End PBXBuildFile section */

/* Begin PBXFileReference section */
		8005CC4F204FCBF700B3A6E1 /* TaskViewController.swift */ = {isa = PBXFileReference; lastKnownFileType = sourcecode.swift; path = TaskViewController.swift; sourceTree = "<group>"; };
		80212092205863D70095F8DE /* AddTaskController.swift */ = {isa = PBXFileReference; lastKnownFileType = sourcecode.swift; path = AddTaskController.swift; sourceTree = "<group>"; };
		80ED73C020603FB200450E7E /* ToDos.xcdatamodel */ = {isa = PBXFileReference; lastKnownFileType = wrapper.xcdatamodel; path = ToDos.xcdatamodel; sourceTree = "<group>"; };
		80FF5007203B5AF500D0D565 /* SimpleDo.app */ = {isa = PBXFileReference; explicitFileType = wrapper.application; includeInIndex = 0; path = SimpleDo.app; sourceTree = BUILT_PRODUCTS_DIR; };
		80FF500A203B5AF500D0D565 /* AppDelegate.swift */ = {isa = PBXFileReference; lastKnownFileType = sourcecode.swift; path = AppDelegate.swift; sourceTree = "<group>"; };
		80FF5011203B5AF500D0D565 /* Assets.xcassets */ = {isa = PBXFileReference; lastKnownFileType = folder.assetcatalog; path = Assets.xcassets; sourceTree = "<group>"; };
		80FF5014203B5AF500D0D565 /* Base */ = {isa = PBXFileReference; lastKnownFileType = file.storyboard; name = Base; path = Base.lproj/LaunchScreen.storyboard; sourceTree = "<group>"; };
		80FF5016203B5AF500D0D565 /* Info.plist */ = {isa = PBXFileReference; lastKnownFileType = text.plist.xml; path = Info.plist; sourceTree = "<group>"; };
/* End PBXFileReference section */

/* Begin PBXFrameworksBuildPhase section */
		80FF5004203B5AF500D0D565 /* Frameworks */ = {
			isa = PBXFrameworksBuildPhase;
			buildActionMask = 2147483647;
			files = (
			);
			runOnlyForDeploymentPostprocessing = 0;
		};
/* End PBXFrameworksBuildPhase section */

/* Begin PBXGroup section */
		80ED73BD20603F7500450E7E /* CoreData */ = {
			isa = PBXGroup;
			children = (
				80ED73BF20603FB200450E7E /* ToDos.xcdatamodeld */,
			);
			path = CoreData;
			sourceTree = "<group>";
		};
		80ED73BE20603F8100450E7E /* VC */ = {
			isa = PBXGroup;
			children = (
				8005CC4F204FCBF700B3A6E1 /* TaskViewController.swift */,
				80212092205863D70095F8DE /* AddTaskController.swift */,
			);
			path = VC;
			sourceTree = "<group>";
		};
		80FF4FFE203B5AF500D0D565 = {
			isa = PBXGroup;
			children = (
				80FF5009203B5AF500D0D565 /* SimpleDo */,
				80FF5008203B5AF500D0D565 /* Products */,
			);
			sourceTree = "<group>";
		};
		80FF5008203B5AF500D0D565 /* Products */ = {
			isa = PBXGroup;
			children = (
				80FF5007203B5AF500D0D565 /* SimpleDo.app */,
			);
			name = Products;
			sourceTree = "<group>";
		};
		80FF5009203B5AF500D0D565 /* SimpleDo */ = {
			isa = PBXGroup;
			children = (
				80FF500A203B5AF500D0D565 /* AppDelegate.swift */,
				80ED73BD20603F7500450E7E /* CoreData */,
				80ED73BE20603F8100450E7E /* VC */,
				80FF5011203B5AF500D0D565 /* Assets.xcassets */,
				80FF5013203B5AF500D0D565 /* LaunchScreen.storyboard */,
				80FF5016203B5AF500D0D565 /* Info.plist */,
			);
			path = SimpleDo;
			sourceTree = "<group>";
		};
/* End PBXGroup section */

/* Begin PBXNativeTarget section */
		80FF5006203B5AF500D0D565 /* SimpleDo */ = {
			isa = PBXNativeTarget;
			buildConfigurationList = 80FF5019203B5AF500D0D565 /* Build configuration list for PBXNativeTarget "SimpleDo" */;
			buildPhases = (
				80FF5003203B5AF500D0D565 /* Sources */,
				80FF5004203B5AF500D0D565 /* Frameworks */,
				80FF5005203B5AF500D0D565 /* Resources */,
			);
			buildRules = (
			);
			dependencies = (
			);
			name = SimpleDo;
			productName = SimpleDo;
			productReference = 80FF5007203B5AF500D0D565 /* SimpleDo.app */;
			productType = "com.apple.product-type.application";
		};
/* End PBXNativeTarget section */

/* Begin PBXProject section */
		80FF4FFF203B5AF500D0D565 /* Project object */ = {
			isa = PBXProject;
			attributes = {
				LastSwiftUpdateCheck = 0920;
				LastUpgradeCheck = 0920;
				ORGANIZATIONNAME = "Adrian Kasiczak";
				TargetAttributes = {
					80FF5006203B5AF500D0D565 = {
						CreatedOnToolsVersion = 9.2;
						ProvisioningStyle = Automatic;
					};
				};
			};
			buildConfigurationList = 80FF5002203B5AF500D0D565 /* Build configuration list for PBXProject "SimpleDo" */;
			compatibilityVersion = "Xcode 8.0";
			developmentRegion = en;
			hasScannedForEncodings = 0;
			knownRegions = (
				en,
				Base,
			);
			mainGroup = 80FF4FFE203B5AF500D0D565;
			productRefGroup = 80FF5008203B5AF500D0D565 /* Products */;
			projectDirPath = "";
			projectRoot = "";
			targets = (
				80FF5006203B5AF500D0D565 /* SimpleDo */,
			);
		};
/* End PBXProject section */

/* Begin PBXResourcesBuildPhase section */
		80FF5005203B5AF500D0D565 /* Resources */ = {
			isa = PBXResourcesBuildPhase;
			buildActionMask = 2147483647;
			files = (
				80FF5015203B5AF500D0D565 /* LaunchScreen.storyboard in Resources */,
				80FF5012203B5AF500D0D565 /* Assets.xcassets in Resources */,
			);
			runOnlyForDeploymentPostprocessing = 0;
		};
/* End PBXResourcesBuildPhase section */

/* Begin PBXSourcesBuildPhase section */
		80FF5003203B5AF500D0D565 /* Sources */ = {
			isa = PBXSourcesBuildPhase;
			buildActionMask = 2147483647;
			files = (
				80FF500B203B5AF500D0D565 /* AppDelegate.swift in Sources */,
				8005CC50204FCBF700B3A6E1 /* TaskViewController.swift in Sources */,
				80212093205863D70095F8DE /* AddTaskController.swift in Sources */,
				80ED73C120603FB200450E7E /* ToDos.xcdatamodeld in Sources */,
			);
			runOnlyForDeploymentPostprocessing = 0;
		};
/* End PBXSourcesBuildPhase section */

/* Begin PBXVariantGroup section */
		80FF5013203B5AF500D0D565 /* LaunchScreen.storyboard */ = {
			isa = PBXVariantGroup;
			children = (
				80FF5014203B5AF500D0D565 /* Base */,
			);
			name = LaunchScreen.storyboard;
			sourceTree = "<group>";
		};
/* End PBXVariantGroup section */

/* Begin XCBuildConfiguration section */
		80FF5017203B5AF500D0D565 /* Debug */ = {
			isa = XCBuildConfiguration;
			buildSettings = {
				ALWAYS_SEARCH_USER_PATHS = NO;
				CLANG_ANALYZER_NONNULL = YES;
				CLANG_ANALYZER_NUMBER_OBJECT_CONVERSION = YES_AGGRESSIVE;
				CLANG_CXX_LANGUAGE_STANDARD = "gnu++14";
				CLANG_CXX_LIBRARY = "libc++";
				CLANG_ENABLE_MODULES = YES;
				CLANG_ENABLE_OBJC_ARC = YES;
				CLANG_WARN_BLOCK_CAPTURE_AUTORELEASING = YES;
				CLANG_WARN_BOOL_CONVERSION = YES;
				CLANG_WARN_COMMA = YES;
				CLANG_WARN_CONSTANT_CONVERSION = YES;
				CLANG_WARN_DIRECT_OBJC_ISA_USAGE = YES_ERROR;
				CLANG_WARN_DOCUMENTATION_COMMENTS = YES;
				CLANG_WARN_EMPTY_BODY = YES;
				CLANG_WARN_ENUM_CONVERSION = YES;
				CLANG_WARN_INFINITE_RECURSION = YES;
				CLANG_WARN_INT_CONVERSION = YES;
				CLANG_WARN_NON_LITERAL_NULL_CONVERSION = YES;
				CLANG_WARN_OBJC_LITERAL_CONVERSION = YES;
				CLANG_WARN_OBJC_ROOT_CLASS = YES_ERROR;
				CLANG_WARN_RANGE_LOOP_ANALYSIS = YES;
				CLANG_WARN_STRICT_PROTOTYPES = YES;
				CLANG_WARN_SUSPICIOUS_MOVE = YES;
				CLANG_WARN_UNGUARDED_AVAILABILITY = YES_AGGRESSIVE;
				CLANG_WARN_UNREACHABLE_CODE = YES;
				CLANG_WARN__DUPLICATE_METHOD_MATCH = YES;
				CODE_SIGN_IDENTITY = "iPhone Developer";
				COPY_PHASE_STRIP = NO;
				DEBUG_INFORMATION_FORMAT = dwarf;
				ENABLE_STRICT_OBJC_MSGSEND = YES;
				ENABLE_TESTABILITY = YES;
				GCC_C_LANGUAGE_STANDARD = gnu11;
				GCC_DYNAMIC_NO_PIC = NO;
				GCC_NO_COMMON_BLOCKS = YES;
				GCC_OPTIMIZATION_LEVEL = 0;
				GCC_PREPROCESSOR_DEFINITIONS = (
					"DEBUG=1",
					"$(inherited)",
				);
				GCC_WARN_64_TO_32_BIT_CONVERSION = YES;
				GCC_WARN_ABOUT_RETURN_TYPE = YES_ERROR;
				GCC_WARN_UNDECLARED_SELECTOR = YES;
				GCC_WARN_UNINITIALIZED_AUTOS = YES_AGGRESSIVE;
				GCC_WARN_UNUSED_FUNCTION = YES;
				GCC_WARN_UNUSED_VARIABLE = YES;
				IPHONEOS_DEPLOYMENT_TARGET = 11.2;
				MTL_ENABLE_DEBUG_INFO = YES;
				ONLY_ACTIVE_ARCH = YES;
				SDKROOT = iphoneos;
				SWIFT_ACTIVE_COMPILATION_CONDITIONS = DEBUG;
				SWIFT_OPTIMIZATION_LEVEL = "-Onone";
			};
			name = Debug;
		};
		80FF5018203B5AF500D0D565 /* Release */ = {
			isa = XCBuildConfiguration;
			buildSettings = {
				ALWAYS_SEARCH_USER_PATHS = NO;
				CLANG_ANALYZER_NONNULL = YES;
				CLANG_ANALYZER_NUMBER_OBJECT_CONVERSION = YES_AGGRESSIVE;
				CLANG_CXX_LANGUAGE_STANDARD = "gnu++14";
				CLANG_CXX_LIBRARY = "libc++";
				CLANG_ENABLE_MODULES = YES;
				CLANG_ENABLE_OBJC_ARC = YES;
				CLANG_WARN_BLOCK_CAPTURE_AUTORELEASING = YES;
				CLANG_WARN_BOOL_CONVERSION = YES;
				CLANG_WARN_COMMA = YES;
				CLANG_WARN_CONSTANT_CONVERSION = YES;
				CLANG_WARN_DIRECT_OBJC_ISA_USAGE = YES_ERROR;
				CLANG_WARN_DOCUMENTATION_COMMENTS = YES;
				CLANG_WARN_EMPTY_BODY = YES;
				CLANG_WARN_ENUM_CONVERSION = YES;
				CLANG_WARN_INFINITE_RECURSION = YES;
				CLANG_WARN_INT_CONVERSION = YES;
				CLANG_WARN_NON_LITERAL_NULL_CONVERSION = YES;
				CLANG_WARN_OBJC_LITERAL_CONVERSION = YES;
				CLANG_WARN_OBJC_ROOT_CLASS = YES_ERROR;
				CLANG_WARN_RANGE_LOOP_ANALYSIS = YES;
				CLANG_WARN_STRICT_PROTOTYPES = YES;
				CLANG_WARN_SUSPICIOUS_MOVE = YES;
				CLANG_WARN_UNGUARDED_AVAILABILITY = YES_AGGRESSIVE;
				CLANG_WARN_UNREACHABLE_CODE = YES;
				CLANG_WARN__DUPLICATE_METHOD_MATCH = YES;
				CODE_SIGN_IDENTITY = "iPhone Developer";
				COPY_PHASE_STRIP = NO;
				DEBUG_INFORMATION_FORMAT = "dwarf-with-dsym";
				ENABLE_NS_ASSERTIONS = NO;
				ENABLE_STRICT_OBJC_MSGSEND = YES;
				GCC_C_LANGUAGE_STANDARD = gnu11;
				GCC_NO_COMMON_BLOCKS = YES;
				GCC_WARN_64_TO_32_BIT_CONVERSION = YES;
				GCC_WARN_ABOUT_RETURN_TYPE = YES_ERROR;
				GCC_WARN_UNDECLARED_SELECTOR = YES;
				GCC_WARN_UNINITIALIZED_AUTOS = YES_AGGRESSIVE;
				GCC_WARN_UNUSED_FUNCTION = YES;
				GCC_WARN_UNUSED_VARIABLE = YES;
				IPHONEOS_DEPLOYMENT_TARGET = 11.2;
				MTL_ENABLE_DEBUG_INFO = NO;
				SDKROOT = iphoneos;
				SWIFT_OPTIMIZATION_LEVEL = "-Owholemodule";
				VALIDATE_PRODUCT = YES;
			};
			name = Release;
		};
		80FF501A203B5AF500D0D565 /* Debug */ = {
			isa = XCBuildConfiguration;
			buildSettings = {
				ASSETCATALOG_COMPILER_APPICON_NAME = AppIcon;
				CODE_SIGN_STYLE = Automatic;
				DEVELOPMENT_TEAM = 4UN8945Y87;
				INFOPLIST_FILE = SimpleDo/Info.plist;
				LD_RUNPATH_SEARCH_PATHS = "$(inherited) @executable_path/Frameworks";
				PRODUCT_BUNDLE_IDENTIFIER = pl.adriankasiczak.SimpleDo;
				PRODUCT_NAME = "$(TARGET_NAME)";
				SWIFT_VERSION = 4.0;
				TARGETED_DEVICE_FAMILY = "1,2";
			};
			name = Debug;
		};
		80FF501B203B5AF500D0D565 /* Release */ = {
			isa = XCBuildConfiguration;
			buildSettings = {
				ASSETCATALOG_COMPILER_APPICON_NAME = AppIcon;
				CODE_SIGN_STYLE = Automatic;
				DEVELOPMENT_TEAM = 4UN8945Y87;
				INFOPLIST_FILE = SimpleDo/Info.plist;
				LD_RUNPATH_SEARCH_PATHS = "$(inherited) @executable_path/Frameworks";
				PRODUCT_BUNDLE_IDENTIFIER = pl.adriankasiczak.SimpleDo;
				PRODUCT_NAME = "$(TARGET_NAME)";
				SWIFT_VERSION = 4.0;
				TARGETED_DEVICE_FAMILY = "1,2";
			};
			name = Release;
		};
/* End XCBuildConfiguration section */

/* Begin XCConfigurationList section */
		80FF5002203B5AF500D0D565 /* Build configuration list for PBXProject "SimpleDo" */ = {
			isa = XCConfigurationList;
			buildConfigurations = (
				80FF5017203B5AF500D0D565 /* Debug */,
				80FF5018203B5AF500D0D565 /* Release */,
			);
			defaultConfigurationIsVisible = 0;
			defaultConfigurationName = Release;
		};
		80FF5019203B5AF500D0D565 /* Build configuration list for PBXNativeTarget "SimpleDo" */ = {
			isa = XCConfigurationList;
			buildConfigurations = (
				80FF501A203B5AF500D0D565 /* Debug */,
				80FF501B203B5AF500D0D565 /* Release */,
			);
			defaultConfigurationIsVisible = 0;
			defaultConfigurationName = Release;
		};
/* End XCConfigurationList section */

/* Begin XCVersionGroup section */
		80ED73BF20603FB200450E7E /* ToDos.xcdatamodeld */ = {
			isa = XCVersionGroup;
			children = (
				80ED73C020603FB200450E7E /* ToDos.xcdatamodel */,
			);
			currentVersion = 80ED73C020603FB200450E7E /* ToDos.xcdatamodel */;
			path = ToDos.xcdatamodeld;
			sourceTree = "<group>";
			versionGroupType = wrapper.xcdatamodel;
		};
/* End XCVersionGroup section */
	};
	rootObject = 80FF4FFF203B5AF500D0D565 /* Project object */;
}
